{
  "version": "4",
  "redirects": {
    "https://esm.sh/@supabase/supabase-js@2": "https://esm.sh/@supabase/supabase-js@2.110.8"
  },
  "remote": {
    "https://esm.sh/@supabase/supabase-js@2.110.8": "3fe5b529aba9ea7d19e980feb977d4da1f9300cb5378942b32f1522c21649623"
  },
  "workspace": {
    "packageJson": {
      "dependencies": [
        "npm:@expo/vector-icons@^15.0.3",
        "npm:@react-native-async-storage/async-storage@2.2.0",
        "npm:@react-native-community/netinfo@11.4.1",
        "npm:@supabase/supabase-js@^2.90.1",
        "npm:@tanstack/react-query@^5.90.16",
        "npm:babel-preset-expo@~54.0.10",
        "npm:dayjs@^1.11.19",
        "npm:expo-clipboard@~8.0.8",
        "npm:expo-constants@~18.0.13",
        "npm:expo-device@~8.0.10",
        "npm:expo-font@~14.0.12",
        "npm:expo-linking@~8.0.12",
        "npm:expo-notifications@~0.32.17",
        "npm:expo-router@~6.0.24",
        "npm:expo-secure-store@~15.0.5",
        "npm:expo@~54.0.36",
        "npm:react-dom@19.1.0",
        "npm:react-native-gesture-handler@2.28",
        "npm:react-native-safe-area-context@5.6.2",
        "npm:react-native-screens@4.16",
        "npm:react-native-url-polyfill@3",
        "npm:react-native@0.81.5",
        "npm:react@19.1.0",
        "npm:supabase@^2.84.4",
        "npm:typescript@~5.9.2",
        "npm:zustand@^5.0.9"
      ]
    }
  }
}
